
Microsoft Visual Studio Solution File, Format Version 12.00
# Visual Studio Version 17
VisualStudioVersion = 17.5.33502.453
MinimumVisualStudioVersion = 10.0.40219.1
Project("{FAE04EC0-301F-11D3-BF4B-00C04F79EFBC}") = "AppKasir", "AppKasir\AppKasir.csproj", "{8915FFE0-4D3C-4AC6-BC2E-125317F5FD83}"
EndProject
Global
	GlobalSection(SolutionConfigurationPlatforms) = preSolution
		Debug|Any CPU = Debug|Any CPU
		Release|Any CPU = Release|Any CPU
	EndGlobalSection
	GlobalSection(ProjectConfigurationPlatforms) = postSolution
		{8915FFE0-4D3C-4AC6-BC2E-125317F5FD83}.Debug|Any CPU.ActiveCfg = Debug|Any CPU
		{8915FFE0-4D3C-4AC6-BC2E-125317F5FD83}.Debug|Any CPU.Build.0 = Debug|Any CPU
		{8915FFE0-4D3C-4AC6-BC2E-125317F5FD83}.Release|Any CPU.ActiveCfg = Release|Any CPU
		{8915FFE0-4D3C-4AC6-BC2E-125317F5FD83}.Release|Any CPU.Build.0 = Release|Any CPU
	EndGlobalSection
	GlobalSection(SolutionProperties) = preSolution
		HideSolutionNode = FALSE
	EndGlobalSection
	GlobalSection(ExtensibilityGlobals) = postSolution
		SolutionGuid = {FD2F136F-CD5E-4226-96AC-1BF1C8629291}
	EndGlobalSection
EndGlobal
